#
# This file is autogenerated by pip-compile with Python 3.14
# by the following command:
#
#    pip-compile --extra=dev --no-index --output-file=requirements-dev.lock --strip-extras pyproject.toml
#
annotated-doc==0.0.5
    # via typer
brotli==1.2.0
    # via fonttools
build==1.6.0
    # via pip-tools
cffi==2.1.1
    # via weasyprint
charset-normalizer==3.5.0
    # via recon (pyproject.toml)
click==8.5.0
    # via pip-tools
coverage==7.16.0
    # via pytest-cov
cssselect2==0.10.1
    # via weasyprint
duckdb==1.5.5
    # via recon (pyproject.toml)
et-xmlfile==2.0.0
    # via openpyxl
fonttools==4.64.0
    # via weasyprint
greenlet==3.5.5
    # via playwright
iniconfig==2.3.0
    # via pytest
librt==0.15.0
    # via mypy
loguru==0.7.3
    # via recon (pyproject.toml)
markdown-it-py==4.2.0
    # via rich
mdurl==0.1.2
    # via markdown-it-py
mypy==1.19.1
    # via recon (pyproject.toml)
mypy-extensions==1.1.0
    # via mypy
numpy==2.5.2
    # via
    #   pandas
    #   pandas-stubs
    #   patsy
    #   recon (pyproject.toml)
    #   scipy
    #   statsmodels
openpyxl==3.1.5
    # via recon (pyproject.toml)
packaging==26.3
    # via
    #   build
    #   patsy
    #   pytest
    #   statsmodels
    #   wheel
pandas==3.0.5
    # via
    #   recon (pyproject.toml)
    #   statsmodels
pandas-stubs==3.0.5.260730
    # via recon (pyproject.toml)
pathspec==1.1.1
    # via mypy
patsy==1.0.3
    # via statsmodels
pillow==12.3.0
    # via weasyprint
pip-tools==7.6.1
    # via recon (pyproject.toml)
playwright==1.62.0
    # via recon (pyproject.toml)
pluggy==1.6.0
    # via
    #   pytest
    #   pytest-cov
pyarrow==25.0.1
    # via recon (pyproject.toml)
pycparser==3.0
    # via cffi
pydyf==0.12.1
    # via weasyprint
pyee==13.0.1
    # via playwright
pygments==2.21.0
    # via
    #   pytest
    #   rich
pyphen==0.18.1
    # via weasyprint
pyproject-hooks==1.2.0
    # via
    #   build
    #   pip-tools
pytest==9.1.1
    # via
    #   pytest-cov
    #   recon (pyproject.toml)
pytest-cov==7.1.0
    # via recon (pyproject.toml)
python-dateutil==2.9.0.post0
    # via pandas
pyxlsb==1.0.10
    # via recon (pyproject.toml)
pyyaml==6.0.3
    # via recon (pyproject.toml)
rapidfuzz==3.14.5
    # via recon (pyproject.toml)
rich==15.0.0
    # via
    #   recon (pyproject.toml)
    #   typer
ruff==0.15.4
    # via recon (pyproject.toml)
scipy==1.18.0
    # via
    #   recon (pyproject.toml)
    #   statsmodels
shellingham==1.5.4
    # via typer
six==1.17.0
    # via python-dateutil
statsmodels==0.14.6
    # via recon (pyproject.toml)
tinycss2==1.5.1
    # via
    #   cssselect2
    #   weasyprint
tinyhtml5==2.1.0
    # via weasyprint
tqdm==4.70.0
    # via recon (pyproject.toml)
typer==0.27.1
    # via recon (pyproject.toml)
types-pyyaml==6.0.12.20250915
    # via recon (pyproject.toml)
typing-extensions==4.16.0
    # via
    #   mypy
    #   pyee
unidecode==1.4.0
    # via recon (pyproject.toml)
weasyprint==69.0
    # via recon (pyproject.toml)
webencodings==0.6.1
    # via
    #   cssselect2
    #   tinycss2
    #   tinyhtml5
wheel==0.48.0
    # via pip-tools
xlrd==2.0.2
    # via recon (pyproject.toml)
zopfli==0.4.3
    # via fonttools

# The following packages are considered to be unsafe in a requirements file:
# pip
# setuptools
